
Microsoft Visual Studio Solution File, Format Version 12.00
# Visual Studio Version 17
VisualStudioVersion = 17.9.34701.34
MinimumVisualStudioVersion = 10.0.40219.1
Project("{F184B08F-C81C-45F6-A57F-5ABD9991F28F}") = "assignment", "assignment\assignment.vbproj", "{B902949A-94E8-46DE-9C8D-B336F3DDF5BF}"
EndProject
Global
	GlobalSection(SolutionConfigurationPlatforms) = preSolution
		Debug|Any CPU = Debug|Any CPU
		Release|Any CPU = Release|Any CPU
	EndGlobalSection
	GlobalSection(ProjectConfigurationPlatforms) = postSolution
		{B902949A-94E8-46DE-9C8D-B336F3DDF5BF}.Debug|Any CPU.ActiveCfg = Debug|Any CPU
		{B902949A-94E8-46DE-9C8D-B336F3DDF5BF}.Debug|Any CPU.Build.0 = Debug|Any CPU
		{B902949A-94E8-46DE-9C8D-B336F3DDF5BF}.Release|Any CPU.ActiveCfg = Release|Any CPU
		{B902949A-94E8-46DE-9C8D-B336F3DDF5BF}.Release|Any CPU.Build.0 = Release|Any CPU
	EndGlobalSection
	GlobalSection(SolutionProperties) = preSolution
		HideSolutionNode = FALSE
	EndGlobalSection
	GlobalSection(ExtensibilityGlobals) = postSolution
		SolutionGuid = {A27B5178-4DF6-4127-B2D1-E8F3510A509D}
	EndGlobalSection
EndGlobal
